github.com/BurntSushi/toml v1.3.0 h1:Ws8e5YmnrGEHzZEzg0YvK/7COGYtTC5PbaH9oSSbgfA=
github.com/BurntSushi/toml v1.3.0/go.mod h1:CxXYINrC8qIiEnFrOxCa7Jy5BFHlXnUU2pbicEuybxQ=
github.com/robfig/cron/v3 v3.0.0 h1:kQ6Cb7aHOHTSzNVNEhmp8EcWKLb4CbiMW9h9VyIhO4E=
github.com/robfig/cron/v3 v3.0.0/go.mod h1:eQICP3HwyT7UooqI/z+Ov+PtYAWygg1TEWWzGIFLtro=
